
Microsoft Visual Studio Solution File, Format Version 12.00
# Visual Studio Version 17
VisualStudioVersion = 17.5.33530.505
MinimumVisualStudioVersion = 10.0.40219.1
Project("{FAE04EC0-301F-11D3-BF4B-00C04F79EFBC}") = "WebApplication4_WebAPI_115", "WebApplication4_WebAPI_115\WebApplication4_WebAPI_115.csproj", "{2A6EEFEC-2630-4BF3-ACE7-34FF2B80059B}"
EndProject
Global
	GlobalSection(SolutionConfigurationPlatforms) = preSolution
		Debug|Any CPU = Debug|Any CPU
		Release|Any CPU = Release|Any CPU
	EndGlobalSection
	GlobalSection(ProjectConfigurationPlatforms) = postSolution
		{2A6EEFEC-2630-4BF3-ACE7-34FF2B80059B}.Debug|Any CPU.ActiveCfg = Debug|Any CPU
		{2A6EEFEC-2630-4BF3-ACE7-34FF2B80059B}.Debug|Any CPU.Build.0 = Debug|Any CPU
		{2A6EEFEC-2630-4BF3-ACE7-34FF2B80059B}.Release|Any CPU.ActiveCfg = Release|Any CPU
		{2A6EEFEC-2630-4BF3-ACE7-34FF2B80059B}.Release|Any CPU.Build.0 = Release|Any CPU
	EndGlobalSection
	GlobalSection(SolutionProperties) = preSolution
		HideSolutionNode = FALSE
	EndGlobalSection
	GlobalSection(ExtensibilityGlobals) = postSolution
		SolutionGuid = {7B2ECC36-A8AB-4570-88A5-2B002FD7A988}
	EndGlobalSection
EndGlobal
